
Microsoft Visual Studio Solution File, Format Version 12.00
# Visual Studio Version 16
VisualStudioVersion = 16.0.31025.194
MinimumVisualStudioVersion = 10.0.40219.1
Project("{FAE04EC0-301F-11D3-BF4B-00C04F79EFBC}") = "factorymethodMiki", "factorymethodMiki.csproj", "{42D8C7EE-E461-4402-94CD-3696B642FDB5}"
EndProject
Global
	GlobalSection(SolutionConfigurationPlatforms) = preSolution
		Debug|Any CPU = Debug|Any CPU
		Release|Any CPU = Release|Any CPU
	EndGlobalSection
	GlobalSection(ProjectConfigurationPlatforms) = postSolution
		{42D8C7EE-E461-4402-94CD-3696B642FDB5}.Debug|Any CPU.ActiveCfg = Debug|Any CPU
		{42D8C7EE-E461-4402-94CD-3696B642FDB5}.Debug|Any CPU.Build.0 = Debug|Any CPU
		{42D8C7EE-E461-4402-94CD-3696B642FDB5}.Release|Any CPU.ActiveCfg = Release|Any CPU
		{42D8C7EE-E461-4402-94CD-3696B642FDB5}.Release|Any CPU.Build.0 = Release|Any CPU
	EndGlobalSection
	GlobalSection(SolutionProperties) = preSolution
		HideSolutionNode = FALSE
	EndGlobalSection
	GlobalSection(ExtensibilityGlobals) = postSolution
		SolutionGuid = {67A23A59-FCF1-4E09-A0C3-78A3D26587D0}
	EndGlobalSection
EndGlobal
